
Microsoft Visual Studio Solution File, Format Version 12.00
# Visual Studio 14
VisualStudioVersion = 14.0.23107.0
MinimumVisualStudioVersion = 10.0.40219.1
Project("{FAE04EC0-301F-11D3-BF4B-00C04F79EFBC}") = "CookieApp", "CookieApp\CookieApp.csproj", "{96B55E88-47BC-4007-9522-BF678588702D}"
EndProject
Project("{FAE04EC0-301F-11D3-BF4B-00C04F79EFBC}") = "UI", "UI\UI.csproj", "{B0C9A83A-2D69-48BC-9908-0591BA6EA9B4}"
EndProject
Project("{FAE04EC0-301F-11D3-BF4B-00C04F79EFBC}") = "OAuthServer", "OAuthServer\OAuthServer.csproj", "{09839D5D-268E-4F33-91B2-330B6D40B2DA}"
EndProject
Project("{FAE04EC0-301F-11D3-BF4B-00C04F79EFBC}") = "TokenBasedWebAPI", "TokenBasedWebAPI\TokenBasedWebAPI.csproj", "{232B73D2-65A2-476F-8B62-2450A56B7A6D}"
EndProject
Project("{FAE04EC0-301F-11D3-BF4B-00C04F79EFBC}") = "TokenIdentityApp", "TokenIdentityApp\TokenIdentityApp.csproj", "{91CA1893-C7A1-45D4-8A4B-C15A29BD98F8}"
EndProject
Global
	GlobalSection(SolutionConfigurationPlatforms) = preSolution
		Debug|Any CPU = Debug|Any CPU
		Release|Any CPU = Release|Any CPU
	EndGlobalSection
	GlobalSection(ProjectConfigurationPlatforms) = postSolution
		{96B55E88-47BC-4007-9522-BF678588702D}.Debug|Any CPU.ActiveCfg = Debug|Any CPU
		{96B55E88-47BC-4007-9522-BF678588702D}.Debug|Any CPU.Build.0 = Debug|Any CPU
		{96B55E88-47BC-4007-9522-BF678588702D}.Release|Any CPU.ActiveCfg = Release|Any CPU
		{96B55E88-47BC-4007-9522-BF678588702D}.Release|Any CPU.Build.0 = Release|Any CPU
		{B0C9A83A-2D69-48BC-9908-0591BA6EA9B4}.Debug|Any CPU.ActiveCfg = Debug|Any CPU
		{B0C9A83A-2D69-48BC-9908-0591BA6EA9B4}.Debug|Any CPU.Build.0 = Debug|Any CPU
		{B0C9A83A-2D69-48BC-9908-0591BA6EA9B4}.Release|Any CPU.ActiveCfg = Release|Any CPU
		{B0C9A83A-2D69-48BC-9908-0591BA6EA9B4}.Release|Any CPU.Build.0 = Release|Any CPU
		{09839D5D-268E-4F33-91B2-330B6D40B2DA}.Debug|Any CPU.ActiveCfg = Debug|Any CPU
		{09839D5D-268E-4F33-91B2-330B6D40B2DA}.Debug|Any CPU.Build.0 = Debug|Any CPU
		{09839D5D-268E-4F33-91B2-330B6D40B2DA}.Release|Any CPU.ActiveCfg = Release|Any CPU
		{09839D5D-268E-4F33-91B2-330B6D40B2DA}.Release|Any CPU.Build.0 = Release|Any CPU
		{232B73D2-65A2-476F-8B62-2450A56B7A6D}.Debug|Any CPU.ActiveCfg = Debug|Any CPU
		{232B73D2-65A2-476F-8B62-2450A56B7A6D}.Debug|Any CPU.Build.0 = Debug|Any CPU
		{232B73D2-65A2-476F-8B62-2450A56B7A6D}.Release|Any CPU.ActiveCfg = Release|Any CPU
		{232B73D2-65A2-476F-8B62-2450A56B7A6D}.Release|Any CPU.Build.0 = Release|Any CPU
		{91CA1893-C7A1-45D4-8A4B-C15A29BD98F8}.Debug|Any CPU.ActiveCfg = Debug|Any CPU
		{91CA1893-C7A1-45D4-8A4B-C15A29BD98F8}.Debug|Any CPU.Build.0 = Debug|Any CPU
		{91CA1893-C7A1-45D4-8A4B-C15A29BD98F8}.Release|Any CPU.ActiveCfg = Release|Any CPU
		{91CA1893-C7A1-45D4-8A4B-C15A29BD98F8}.Release|Any CPU.Build.0 = Release|Any CPU
	EndGlobalSection
	GlobalSection(SolutionProperties) = preSolution
		HideSolutionNode = FALSE
	EndGlobalSection
EndGlobal
